NeoBundleLock vim-emblem 40510bb407b50e5c4949f3d9ecb55a8b2f4341bb
NeoBundleLock vim-github-dashboard 5796b8ff2ffb0eb0470d1e6b55a34b259ee87e96
NeoBundleLock vim-cucumber 8f4826012771e6ce7871923bed1bbb68834c8dfc
NeoBundleLock vim-javascript f8122fd1caca68b2592553e43dad45b3dc445a06
NeoBundleLock auto-pairs c2f60ca2e57fb65d2230c6fe58e7aba5ab065b2e
NeoBundleLock vim-surround fa433e0b7330753688f715f3be5d10dc480f20e5
NeoBundleLock vim-textobj-entire 41c12e1d957f9247cf31b7444a3077c581d2776c
NeoBundleLock vim-dispatch 71499a6438a65d9aa6224a2388165321831ae2d8
NeoBundleLock vim-capslock b47d37769822ce73a1401c12d253c055b287f356
NeoBundleLock vim-pasta 50ac52a3cc3377395ceb160e3360923d84d0b916
NeoBundleLock vim-abolish d932b4491a35a0a85f1334223e315caac5e5cb0d
NeoBundleLock vim-qargs e2a844dc739f3068706305788201f6a63adbb053
NeoBundleLock vim-fugitive 0374322ba5d85ae44dd9dc44ef31ca015a59097e
NeoBundleLock splitjoin.vim e66af1f7fed96859d269f219b4b5a3302b71defb
NeoBundleLock vim-haml 204e32721154766e03e99ff857bc798aa5b741dc
NeoBundleLock vim-bundler 48abb774c72732a75f8ab05ee7493b1041dd8ae8
NeoBundleLock vim-afterimage 11447318221f45f6eb6195f206e2950cdbabcba4
NeoBundleLock vim-liquid ff85972ccf3706bba0e2856108ccd972a2d55e2a
NeoBundleLock html5.vim daf9c09f1c77c05adcdc0d81d218474e99104224
NeoBundleLock vim-jdaddy 2e5be5fa5ce5b0f29f0d7cd14631bd2a197bedd2
NeoBundleLock vim-visual-star-search 59d5f09fc6137c9c38af1682103c4698e82916bc
NeoBundleLock vim-speeddating 23213428c4071f1ea7ffb7332a70c7b5f9324a3e
NeoBundleLock vim-textobj-rubyblock b5b84e49e609439e81aa03fa8e605a6097185665
NeoBundleLock vim-pathogen 91e6378908721d20514bbe5d18d292a0a15faf0c
NeoBundleLock switch.vim 4e8bf429613e85c568c382c0612ef32e4c0eaa28
NeoBundleLock rust.vim ae23b8e73a080dffb304f7e6913ab3ccc3c58b47
NeoBundleLock undoquit.vim 8f3676f49e2c8d21fd86a82a1e9fe7e994763bc6
NeoBundleLock gitv 4ad120baf5e8124b41d00fc731d1ebe5095d9576
NeoBundleLock vim-less 940a8defa0576385dee1ad177bab0b34738540aa
NeoBundleLock kwbdi.vim 1fd0382dd299b9feb343b7960f6977de402b0929
NeoBundleLock vim-eunuch c856e5d649b9f87590aff66a84b930fce5793431
NeoBundleLock vim-rails 075a0100b88489215aaeb4280143ce8a5e8ebc7b
NeoBundleLock vim-textobj-user 9aa5fd050ecce650fb7ff018397e73a66a41c76b
NeoBundleLock vim-repeat 2a3c5f8e3c26a57b8eb4cfc4be79615a1c508ef6
NeoBundleLock vim-handlebars 1eeeff8ade7b5008e7a213cc7eb9c7e1bed52bef
NeoBundleLock sideways.vim 37bd689d9feb5bfc573d616aa00aba4fa0f33bcd
NeoBundleLock vim-rake 13533d90cfcc735cf4e187eb0c223289ed2dbb1c
NeoBundleLock vim-expand-region 966513543de0ddc2d673b5528a056269e7917276
NeoBundleLock vim-rubocop d3caa5d4271d4e07bc981d5e7b36988b6d423e5f
NeoBundleLock RootIgnore 06a93a263f0b67c8682c9ccc1c777b784424bcc0
NeoBundleLock vimux 50254fad43fde3ccae067e49dda28dcfee44eeac
NeoBundleLock vim-ruby-refactoring 6447a4debc3263a0fa99feeab5548edf27ecf045
NeoBundleLock linediff.vim b69e54f4bf0a0ee26f6582ee8764b25529610c88
NeoBundleLock gist-vim d609d93472db9cf45bd701bebe51adc356631547
NeoBundleLock vim-airline 246c217562dfd8541ee0d64600a628daa4195dd2
NeoBundleLock incsearch.vim 8c422b58afefdc4331193bec307c9dd36b294074
NeoBundleLock vim-unimpaired 3548479cc154154cbdbb6737ca08a47937cc7113
NeoBundleLock vim-gitgutter 39f011909620e0c7ae555efdace20c3963ac88af
NeoBundleLock vim-sensible 64aa12b07b0be90a8e98bc7be1b5faac4ac873a4
NeoBundleLock vim-textobj-fold 947d768785e2d1e7484c5d729cd0e5a8e53e9584
NeoBundleLock vim-sneak cd8cbb9b4563e5d65acaa23ceb07486361194198
NeoBundleLock vim-sleuth 6b0c9d61e246cb3a046202de0a016451c0dc1ede
NeoBundleLock vim-extradite af4f3a51b6b654d655121b93c0cd9d8fe9a0c85d
NeoBundleLock vim-endwise 96eb11755bb2d1a5583d44e9bcd10481bca45693
NeoBundleLock vim-obsession 4ab72e07ec3e25f33066217ddaf9863c7b597cf5
NeoBundleLock vim-github-comment 7c70605e6d6c99340702a9ec62d0f0492db38c04
NeoBundleLock vim-merginal 8f94fab00cdfcfaf4bc6c72993175fec6a471d08
NeoBundleLock vim-git 297e7075a1c6ecc4547e6543cda394e28c5b1c06
NeoBundleLock vim-slim 0daaa8581f9a9968cebbc7d14ae9acf1625c0389
NeoBundleLock vim-vinegar ac893960c324d879b6923a4c1abaea352d8caeb5
NeoBundleLock vim-textobj-indent deb76867c302f933c8f21753806cbf2d8461b548
NeoBundleLock neobundle.vim 4a3bb7fb323b62f571c22ff15139fe996dc60ac8
NeoBundleLock ZoomWin dd3c5f555a9e11eafe5aa2208899beda2d2acd57
NeoBundleLock neocomplete.vim 9c77ad503bf90e94fff1fa620bb63642c6bc9f07
NeoBundleLock vim-markdown 409c37b205afa2f9d590e23de8171482d66770e2
NeoBundleLock vim-tbone 891887b881bc818a1f8bd33904ac48e1dd471d6a
NeoBundleLock vim-commentary 401dbd8abee69defe66acf5e9ccc85e2746c27e2
NeoBundleLock undotree 88e4a9bc2f7916f24441faf884853a01ba11d294
NeoBundleLock vim-easy-align 2595ebf9333f3598502276b29f78ad39965bc595
NeoBundleLock vim-markdown-folding 110f8145d3feb584e2dfe0e990e993f335772f0c
NeoBundleLock ctrlp.vim abb4f4b2cbd3fa4c0b03cc940285c9de9a26ca8f
NeoBundleLock vim-exchange f841536eace341ef229f48eb6f9cef3d0cd98be4
NeoBundleLock syntastic c307dde8c2da57af1fef6f8ac4b42ab9190ac9e0
NeoBundleLock vim-coffee-script 827e4a38b07479433b619091469a7495a392df8a
NeoBundleLock vim-ragtag 12e379989e3258af0934e10173386235c7d69944
NeoBundleLock vim-projectionist c5fda439ed12a0850b2fcc8b1fcb543d254e495b
NeoBundleLock vim-ruby 5e429a504f016c86a8989be2554239d175e366e9
NeoBundleLock vim-vroom 3939a2a00facc8568ed52fabead6cdb66d9243c3
NeoBundleLock vim-rsi ec39927fcbb53a77e628b2d138e0a43caa945a3b
NeoBundleLock vim-characterize 871364dbc2bceab0db4e365a85e208ab6dd2c4fd
NeoBundleLock ctrlp-register bde2280da970ddf8cd06ae1f8e622a945c55201f
NeoBundleLock vim-colors-solarized 528a59f26d12278698bb946f8fb82a63711eec21
NeoBundleLock vim-scriptease 1f1b6fa3b6db9a4bf7f5bb94f62fc9f8343cfb49
NeoBundleLock vim-textobj-line f8ab33c017f329248773e92968a7a3497b48d287
NeoBundleLock vim-preview bb18bb0fb1bdd3ee4a8d733fa134f5da0645b8e0
NeoBundleLock webapi-vim a7789abffe936db56e3152e23733847f94755753
