NeoBundleLock TailMinusF f159ed0cb05094a62e7abd94555607e0ec574d33
NeoBundleLock ZoomWin f46a9a1e3c8f2118bf02f0dbc53127139aa3b74a
NeoBundleLock auto-pairs c2f60ca2e57fb65d2230c6fe58e7aba5ab065b2e
NeoBundleLock ctrlp-register bde2280da970ddf8cd06ae1f8e622a945c55201f
NeoBundleLock ctrlp.vim f8fd9793503b06b2b5f7efe372955322fc4727cd
NeoBundleLock dbext.vim d44fd5cca10c466c0eb3d6f7b18c4b13f5bf24d7
NeoBundleLock gist-vim 8a567b823163d349406dffaff4519e0bac10eade
NeoBundleLock gitv f0b1b7be0eb2843ce97d290fca8c12ea34599979
NeoBundleLock html5.vim a47aa2d274daf8675a2b20577b75d573f4c2dfc5
NeoBundleLock incsearch.vim 534d36dcef3a25dbb408302a315566e91cc4256b
NeoBundleLock kwbdi.vim 1fd0382dd299b9feb343b7960f6977de402b0929
NeoBundleLock linediff.vim b69e54f4bf0a0ee26f6582ee8764b25529610c88
NeoBundleLock neobundle.vim c00b40688f335a2e116726c2f8e727fad6f03e4f
NeoBundleLock neocomplete.vim 2965282216a28dbbcfe3774e52e55e7eea993a8f
NeoBundleLock rust.vim 08bb56fbdb61380621db6fe36a24d0a3d176f7a0
NeoBundleLock sideways.vim 50c2d67f6718fb4ed45faf4a24d65d8a63e02cd7
NeoBundleLock splitjoin.vim 10905b5a76d3dfbca53853c3c30c7c554952548c
NeoBundleLock switch.vim 3b9007f1636246351431ef715749113784511fbf
NeoBundleLock syntastic 36ead6d75ce511a34d01f36051aa4c6d688f73bf
NeoBundleLock tabular 60f25648814f0695eeb6c1040d97adca93c4e0bb
NeoBundleLock undoquit.vim c07279157ff5369c514307c1d7a96044128dd3c8
NeoBundleLock undotree 6acc0aebb78aef5c3d97743c3556b73491c21446
NeoBundleLock vim-abolish 665bed73aded4049a6d9bdaf3c87ee69af983abb
NeoBundleLock vim-afterimage 11447318221f45f6eb6195f206e2950cdbabcba4
NeoBundleLock vim-airline 13ee9f456ac1a7d9e427874c7a6981c2461a6c4d
NeoBundleLock vim-bundler 48abb774c72732a75f8ab05ee7493b1041dd8ae8
NeoBundleLock vim-capslock b47d37769822ce73a1401c12d253c055b287f356
NeoBundleLock vim-characterize 871364dbc2bceab0db4e365a85e208ab6dd2c4fd
NeoBundleLock vim-coffee-script 827e4a38b07479433b619091469a7495a392df8a
NeoBundleLock vim-colors-solarized 528a59f26d12278698bb946f8fb82a63711eec21
NeoBundleLock vim-commentary 9c685131a5facfa0d643feca3a61b41c007d8170
NeoBundleLock vim-cucumber 8f4826012771e6ce7871923bed1bbb68834c8dfc
NeoBundleLock vim-dispatch c4390c5724f9d262aeba62ab69c5bc5246626c6f
NeoBundleLock vim-emblem 40510bb407b50e5c4949f3d9ecb55a8b2f4341bb
NeoBundleLock vim-endwise bba43b831ae0485cf9b86d16340a6a314b927391
NeoBundleLock vim-eunuch 8c996336ceecbfb7290c7c9b409195f190866548
NeoBundleLock vim-exchange 5cb2a3733a99ddb93863a10acd7b86aa9af490c5
NeoBundleLock vim-expand-region 966513543de0ddc2d673b5528a056269e7917276
NeoBundleLock vim-extradite af4f3a51b6b654d655121b93c0cd9d8fe9a0c85d
NeoBundleLock vim-fugitive 2c8461db084d205903a792a23163faa546f143c9
NeoBundleLock vim-git 297e7075a1c6ecc4547e6543cda394e28c5b1c06
NeoBundleLock vim-gitgutter e5efbaffc066ababc9ae0d689c7050fa5d6591bd
NeoBundleLock vim-github-comment 7c70605e6d6c99340702a9ec62d0f0492db38c04
NeoBundleLock vim-github-dashboard b725162cfa95798f685126aa09a570ab636f3d24
NeoBundleLock vim-haml 204e32721154766e03e99ff857bc798aa5b741dc
NeoBundleLock vim-javascript 10b0c75fde1cdf75ca2f270daf7db0c6e1c66cd0
NeoBundleLock vim-jdaddy 2e5be5fa5ce5b0f29f0d7cd14631bd2a197bedd2
NeoBundleLock vim-less 940a8defa0576385dee1ad177bab0b34738540aa
NeoBundleLock vim-liquid ff85972ccf3706bba0e2856108ccd972a2d55e2a
NeoBundleLock vim-markdown 409c37b205afa2f9d590e23de8171482d66770e2
NeoBundleLock vim-markdown-folding 110f8145d3feb584e2dfe0e990e993f335772f0c
NeoBundleLock vim-merginal 8f94fab00cdfcfaf4bc6c72993175fec6a471d08
NeoBundleLock vim-mustache-handlebars 291e49908af86f2805d1a93b6a476f04906e28e1
NeoBundleLock vim-obsession 4ab72e07ec3e25f33066217ddaf9863c7b597cf5
NeoBundleLock vim-pasta 50ac52a3cc3377395ceb160e3360923d84d0b916
NeoBundleLock vim-pathogen b9fb0dfd811004010f5f6903edef42d6004ebea2
NeoBundleLock vim-preview bb18bb0fb1bdd3ee4a8d733fa134f5da0645b8e0
NeoBundleLock vim-projectionist ef252eb227928df6f63590f21584a46c08792021
NeoBundleLock vim-qargs 393309c39671cb388986e515988e64d06cac4b8d
NeoBundleLock vim-ragtag 07115a6dee0ae01b7c9c3d92e9ee3219b6780b77
NeoBundleLock vim-rails b5ccdb47f0b0001bf263a80315d3b6bca7bc3b2e
NeoBundleLock vim-rake 13533d90cfcc735cf4e187eb0c223289ed2dbb1c
NeoBundleLock vim-repeat b6bdd0f2d03ce80d6acfbfa9be1ee71b16f69b5d
NeoBundleLock vim-rsi dfc5288097b83d1eb3173d8be348a11f3d467d8e
NeoBundleLock vim-rubocop d3caa5d4271d4e07bc981d5e7b36988b6d423e5f
NeoBundleLock vim-ruby 4661bf70f428c0436ea60d9ba515b4b8dca73f0d
NeoBundleLock vim-ruby-refactoring 6447a4debc3263a0fa99feeab5548edf27ecf045
NeoBundleLock vim-scriptease 2cec496b1d94804c1892fd9455cd50aeabe4005a
NeoBundleLock vim-sensible b30dcf387af977acfa21732592bfca05598b2188
NeoBundleLock vim-sleuth b6b4c3b237678f1214ea2eca0e3e50eaafb30e3a
NeoBundleLock vim-slim 0daaa8581f9a9968cebbc7d14ae9acf1625c0389
NeoBundleLock vim-sneak 9873146feadd4f172a8d8346cb8058ed79bdd3e7
NeoBundleLock vim-speeddating 23213428c4071f1ea7ffb7332a70c7b5f9324a3e
NeoBundleLock vim-surround fa433e0b7330753688f715f3be5d10dc480f20e5
NeoBundleLock vim-tbone 891887b881bc818a1f8bd33904ac48e1dd471d6a
NeoBundleLock vim-textobj-entire 41c12e1d957f9247cf31b7444a3077c581d2776c
NeoBundleLock vim-textobj-fold 947d768785e2d1e7484c5d729cd0e5a8e53e9584
NeoBundleLock vim-textobj-indent deb76867c302f933c8f21753806cbf2d8461b548
NeoBundleLock vim-textobj-line f8ab33c017f329248773e92968a7a3497b48d287
NeoBundleLock vim-textobj-rubyblock b5b84e49e609439e81aa03fa8e605a6097185665
NeoBundleLock vim-textobj-user 9aa5fd050ecce650fb7ff018397e73a66a41c76b
NeoBundleLock vim-unimpaired 3548479cc154154cbdbb6737ca08a47937cc7113
NeoBundleLock vim-vinegar ac893960c324d879b6923a4c1abaea352d8caeb5
NeoBundleLock vim-visual-star-search 59d5f09fc6137c9c38af1682103c4698e82916bc
NeoBundleLock vim-vroom beb350fc741942891318e94e1e4025e7b1cdffca
NeoBundleLock vimux a991ce8abdea28ff5ab0adb314d33abe67e13409
NeoBundleLock webapi-vim a7789abffe936db56e3152e23733847f94755753
