NeoBundleLock vim-emblem 40510bb407b50e5c4949f3d9ecb55a8b2f4341bb
NeoBundleLock vim-github-dashboard 5796b8ff2ffb0eb0470d1e6b55a34b259ee87e96
NeoBundleLock vim-cucumber 8f4826012771e6ce7871923bed1bbb68834c8dfc
NeoBundleLock vim-javascript 977e220b371938b81acb728eee36987c6fe4034a
NeoBundleLock auto-pairs c2f60ca2e57fb65d2230c6fe58e7aba5ab065b2e
NeoBundleLock vim-surround fa433e0b7330753688f715f3be5d10dc480f20e5
NeoBundleLock vim-textobj-entire 41c12e1d957f9247cf31b7444a3077c581d2776c
NeoBundleLock vim-dispatch 78ed0c065ee65c8368f1f10566b96cd890c14358
NeoBundleLock vim-capslock b47d37769822ce73a1401c12d253c055b287f356
NeoBundleLock vim-pasta 50ac52a3cc3377395ceb160e3360923d84d0b916
NeoBundleLock vim-abolish d932b4491a35a0a85f1334223e315caac5e5cb0d
NeoBundleLock vim-qargs 393309c39671cb388986e515988e64d06cac4b8d
NeoBundleLock vim-fugitive 2c8461db084d205903a792a23163faa546f143c9
NeoBundleLock splitjoin.vim b8945ac41d0db6da7e7d60b46404b756a1e4212e
NeoBundleLock vim-haml 204e32721154766e03e99ff857bc798aa5b741dc
NeoBundleLock vim-bundler 48abb774c72732a75f8ab05ee7493b1041dd8ae8
NeoBundleLock vim-afterimage 11447318221f45f6eb6195f206e2950cdbabcba4
NeoBundleLock vim-liquid ff85972ccf3706bba0e2856108ccd972a2d55e2a
NeoBundleLock html5.vim abaf4f8a829bd01cc460eb63768debc7c28a6ff5
NeoBundleLock vim-jdaddy 2e5be5fa5ce5b0f29f0d7cd14631bd2a197bedd2
NeoBundleLock vim-visual-star-search 59d5f09fc6137c9c38af1682103c4698e82916bc
NeoBundleLock vim-speeddating 23213428c4071f1ea7ffb7332a70c7b5f9324a3e
NeoBundleLock tabular 60f25648814f0695eeb6c1040d97adca93c4e0bb
NeoBundleLock vim-textobj-rubyblock b5b84e49e609439e81aa03fa8e605a6097185665
NeoBundleLock vim-pathogen b9fb0dfd811004010f5f6903edef42d6004ebea2
NeoBundleLock switch.vim 4e8bf429613e85c568c382c0612ef32e4c0eaa28
NeoBundleLock rust.vim 0fd423990cfa69336fb6c1d5d58aa2091e7b4e76
NeoBundleLock undoquit.vim 8f3676f49e2c8d21fd86a82a1e9fe7e994763bc6
NeoBundleLock gitv f0b1b7be0eb2843ce97d290fca8c12ea34599979
NeoBundleLock vim-less 940a8defa0576385dee1ad177bab0b34738540aa
NeoBundleLock kwbdi.vim 1fd0382dd299b9feb343b7960f6977de402b0929
NeoBundleLock vim-eunuch 8c996336ceecbfb7290c7c9b409195f190866548
NeoBundleLock vim-rails a11905b4f72389b953e264dcd3cc8ef6933b9371
NeoBundleLock vim-textobj-user 9aa5fd050ecce650fb7ff018397e73a66a41c76b
NeoBundleLock vim-repeat 2a3c5f8e3c26a57b8eb4cfc4be79615a1c508ef6
NeoBundleLock sideways.vim 50c2d67f6718fb4ed45faf4a24d65d8a63e02cd7
NeoBundleLock vim-rake 13533d90cfcc735cf4e187eb0c223289ed2dbb1c
NeoBundleLock vim-expand-region 966513543de0ddc2d673b5528a056269e7917276
NeoBundleLock vim-rubocop d3caa5d4271d4e07bc981d5e7b36988b6d423e5f
NeoBundleLock vimux a991ce8abdea28ff5ab0adb314d33abe67e13409
NeoBundleLock vim-ruby-refactoring 6447a4debc3263a0fa99feeab5548edf27ecf045
NeoBundleLock linediff.vim b69e54f4bf0a0ee26f6582ee8764b25529610c88
NeoBundleLock gist-vim d609d93472db9cf45bd701bebe51adc356631547
NeoBundleLock vim-airline 4a2208821e1d334c4d3cdf66cd1fd0968755e16a
NeoBundleLock incsearch.vim 27c85a33ced9c1927a6c62ecad6559d3f4c34831
NeoBundleLock vim-unimpaired 3548479cc154154cbdbb6737ca08a47937cc7113
NeoBundleLock vim-gitgutter 57342e33a5b38cf3c15f4286f3c6cf166caef09a
NeoBundleLock vim-sensible b30dcf387af977acfa21732592bfca05598b2188
NeoBundleLock vim-textobj-fold 947d768785e2d1e7484c5d729cd0e5a8e53e9584
NeoBundleLock vim-sneak 54529b154885ce228aaef952aab6991c765facbc
NeoBundleLock vim-sleuth 6b0c9d61e246cb3a046202de0a016451c0dc1ede
NeoBundleLock vim-extradite af4f3a51b6b654d655121b93c0cd9d8fe9a0c85d
NeoBundleLock vim-endwise 96eb11755bb2d1a5583d44e9bcd10481bca45693
NeoBundleLock vim-obsession 4ab72e07ec3e25f33066217ddaf9863c7b597cf5
NeoBundleLock vim-github-comment 7c70605e6d6c99340702a9ec62d0f0492db38c04
NeoBundleLock vim-merginal 8f94fab00cdfcfaf4bc6c72993175fec6a471d08
NeoBundleLock vim-git 297e7075a1c6ecc4547e6543cda394e28c5b1c06
NeoBundleLock vim-slim 0daaa8581f9a9968cebbc7d14ae9acf1625c0389
NeoBundleLock vim-vinegar ac893960c324d879b6923a4c1abaea352d8caeb5
NeoBundleLock vim-textobj-indent deb76867c302f933c8f21753806cbf2d8461b548
NeoBundleLock neobundle.vim 02647837445718fb0d31e3f87d65d99333e67418
NeoBundleLock ZoomWin 487bbba4dbaf351947a2c60f12a3d792e67acf89
NeoBundleLock neocomplete.vim 269edeff216db85f1afbcd47f13334490e518357
NeoBundleLock vim-markdown 409c37b205afa2f9d590e23de8171482d66770e2
NeoBundleLock vim-tbone 891887b881bc818a1f8bd33904ac48e1dd471d6a
NeoBundleLock vim-commentary 9c685131a5facfa0d643feca3a61b41c007d8170
NeoBundleLock undotree 88e4a9bc2f7916f24441faf884853a01ba11d294
NeoBundleLock vim-markdown-folding 110f8145d3feb584e2dfe0e990e993f335772f0c
NeoBundleLock ctrlp.vim ea5e9bb4e12ee7964760e8149ac7d72f05b5bd2a
NeoBundleLock vim-exchange 3eea6c08fd060a40061e38fe2eb6c171ee7a75bb
NeoBundleLock syntastic 67ffe58818930e95163ead541a2700cec41c13f7
NeoBundleLock vim-coffee-script 827e4a38b07479433b619091469a7495a392df8a
NeoBundleLock vim-ragtag 12e379989e3258af0934e10173386235c7d69944
NeoBundleLock vim-projectionist ef252eb227928df6f63590f21584a46c08792021
NeoBundleLock vim-ruby 243d021449115235505350764bff00859ce4224f
NeoBundleLock vim-vroom ffc2985734fb964d4d072a925ea7d0041c716893
NeoBundleLock vim-rsi ec39927fcbb53a77e628b2d138e0a43caa945a3b
NeoBundleLock vim-characterize 871364dbc2bceab0db4e365a85e208ab6dd2c4fd
NeoBundleLock ctrlp-register bde2280da970ddf8cd06ae1f8e622a945c55201f
NeoBundleLock vim-colors-solarized 528a59f26d12278698bb946f8fb82a63711eec21
NeoBundleLock vim-scriptease 43c53e9992f9eed12af6345fb18e874e8a6c4a85
NeoBundleLock vim-textobj-line f8ab33c017f329248773e92968a7a3497b48d287
NeoBundleLock vim-preview bb18bb0fb1bdd3ee4a8d733fa134f5da0645b8e0
NeoBundleLock vim-mustache-handlebars 291e49908af86f2805d1a93b6a476f04906e28e1
NeoBundleLock webapi-vim a7789abffe936db56e3152e23733847f94755753
